
Microsoft Visual Studio Solution File, Format Version 10.00
# Visual Studio 2008
Project("{FAE04EC0-301F-11D3-BF4B-00C04F79EFBC}") = "SqlObjectSearch", "SqlObjectSearch.csproj", "{31130215-85D0-442D-8E9D-AA2E3F573822}"
EndProject
Project("{FAE04EC0-301F-11D3-BF4B-00C04F79EFBC}") = "test", "..\test\test.csproj", "{7E9C903A-02A2-4885-BD15-6919DD106013}"
EndProject
Global
	GlobalSection(SolutionConfigurationPlatforms) = preSolution
		Debug|Any CPU = Debug|Any CPU
		Release|Any CPU = Release|Any CPU
	EndGlobalSection
	GlobalSection(ProjectConfigurationPlatforms) = postSolution
		{31130215-85D0-442D-8E9D-AA2E3F573822}.Debug|Any CPU.ActiveCfg = Debug|Any CPU
		{31130215-85D0-442D-8E9D-AA2E3F573822}.Debug|Any CPU.Build.0 = Debug|Any CPU
		{31130215-85D0-442D-8E9D-AA2E3F573822}.Release|Any CPU.ActiveCfg = Release|Any CPU
		{31130215-85D0-442D-8E9D-AA2E3F573822}.Release|Any CPU.Build.0 = Release|Any CPU
		{7E9C903A-02A2-4885-BD15-6919DD106013}.Debug|Any CPU.ActiveCfg = Debug|Any CPU
		{7E9C903A-02A2-4885-BD15-6919DD106013}.Debug|Any CPU.Build.0 = Debug|Any CPU
		{7E9C903A-02A2-4885-BD15-6919DD106013}.Release|Any CPU.ActiveCfg = Release|Any CPU
		{7E9C903A-02A2-4885-BD15-6919DD106013}.Release|Any CPU.Build.0 = Release|Any CPU
	EndGlobalSection
	GlobalSection(SolutionProperties) = preSolution
		HideSolutionNode = FALSE
	EndGlobalSection
EndGlobal
